// !$*UTF8*$!
{
	archiveVersion = 1;
	classes = {
	};
	objectVersion = 50;
	objects = {

/* Begin PBXBuildFile section */
		60AEEE0223140E3B0071BB23 /* AppDelegate.swift in Sources */ = {isa = PBXBuildFile; fileRef = 60AEEE0123140E3B0071BB23 /* AppDelegate.swift */; };
		60AEEE0423140E3B0071BB23 /* art.scnassets in Resources */ = {isa = PBXBuildFile; fileRef = 60AEEE0323140E3B0071BB23 /* art.scnassets */; };
		60AEEE0623140E3B0071BB23 /* ViewController.swift in Sources */ = {isa = PBXBuildFile; fileRef = 60AEEE0523140E3B0071BB23 /* ViewController.swift */; };
		60AEEE0923140E3B0071BB23 /* Main.storyboard in Resources */ = {isa = PBXBuildFile; fileRef = 60AEEE0723140E3B0071BB23 /* Main.storyboard */; };
		60AEEE0B23140E3D0071BB23 /* Assets.xcassets in Resources */ = {isa = PBXBuildFile; fileRef = 60AEEE0A23140E3D0071BB23 /* Assets.xcassets */; };
		60AEEE0E23140E3D0071BB23 /* LaunchScreen.storyboard in Resources */ = {isa = PBXBuildFile; fileRef = 60AEEE0C23140E3D0071BB23 /* LaunchScreen.storyboard */; };
/* End PBXBuildFile section */

/* Begin PBXFileReference section */
		60AEEDFE23140E3B0071BB23 /* DupontAR.app */ = {isa = PBXFileReference; explicitFileType = wrapper.application; includeInIndex = 0; path = DupontAR.app; sourceTree = BUILT_PRODUCTS_DIR; };
		60AEEE0123140E3B0071BB23 /* AppDelegate.swift */ = {isa = PBXFileReference; lastKnownFileType = sourcecode.swift; path = AppDelegate.swift; sourceTree = "<group>"; };
		60AEEE0323140E3B0071BB23 /* art.scnassets */ = {isa = PBXFileReference; lastKnownFileType = wrapper.scnassets; path = art.scnassets; sourceTree = "<group>"; };
		60AEEE0523140E3B0071BB23 /* ViewController.swift */ = {isa = PBXFileReference; lastKnownFileType = sourcecode.swift; path = ViewController.swift; sourceTree = "<group>"; };
		60AEEE0823140E3B0071BB23 /* Base */ = {isa = PBXFileReference; lastKnownFileType = file.storyboard; name = Base; path = Base.lproj/Main.storyboard; sourceTree = "<group>"; };
		60AEEE0A23140E3D0071BB23 /* Assets.xcassets */ = {isa = PBXFileReference; lastKnownFileType = folder.assetcatalog; path = Assets.xcassets; sourceTree = "<group>"; };
		60AEEE0D23140E3D0071BB23 /* Base */ = {isa = PBXFileReference; lastKnownFileType = file.storyboard; name = Base; path = Base.lproj/LaunchScreen.storyboard; sourceTree = "<group>"; };
		60AEEE0F23140E3D0071BB23 /* Info.plist */ = {isa = PBXFileReference; lastKnownFileType = text.plist.xml; path = Info.plist; sourceTree = "<group>"; };
/* End PBXFileReference section */

/* Begin PBXFrameworksBuildPhase section */
		60AEEDFB23140E3B0071BB23 /* Frameworks */ = {
			isa = PBXFrameworksBuildPhase;
			buildActionMask = 2147483647;
			files = (
			);
			runOnlyForDeploymentPostprocessing = 0;
		};
/* End PBXFrameworksBuildPhase section */

/* Begin PBXGroup section */
		60AEEDF523140E3B0071BB23 = {
			isa = PBXGroup;
			children = (
				60AEEE0023140E3B0071BB23 /* DupontAR */,
				60AEEDFF23140E3B0071BB23 /* Products */,
			);
			sourceTree = "<group>";
		};
		60AEEDFF23140E3B0071BB23 /* Products */ = {
			isa = PBXGroup;
			children = (
				60AEEDFE23140E3B0071BB23 /* DupontAR.app */,
			);
			name = Products;
			sourceTree = "<group>";
		};
		60AEEE0023140E3B0071BB23 /* DupontAR */ = {
			isa = PBXGroup;
			children = (
				60AEEE0123140E3B0071BB23 /* AppDelegate.swift */,
				60AEEE0323140E3B0071BB23 /* art.scnassets */,
				60AEEE0523140E3B0071BB23 /* ViewController.swift */,
				60AEEE0723140E3B0071BB23 /* Main.storyboard */,
				60AEEE0A23140E3D0071BB23 /* Assets.xcassets */,
				60AEEE0C23140E3D0071BB23 /* LaunchScreen.storyboard */,
				60AEEE0F23140E3D0071BB23 /* Info.plist */,
			);
			path = DupontAR;
			sourceTree = "<group>";
		};
/* End PBXGroup section */

/* Begin PBXNativeTarget section */
		60AEEDFD23140E3B0071BB23 /* DupontAR */ = {
			isa = PBXNativeTarget;
			buildConfigurationList = 60AEEE1223140E3D0071BB23 /* Build configuration list for PBXNativeTarget "DupontAR" */;
			buildPhases = (
				60AEEDFA23140E3B0071BB23 /* Sources */,
				60AEEDFB23140E3B0071BB23 /* Frameworks */,
				60AEEDFC23140E3B0071BB23 /* Resources */,
			);
			buildRules = (
			);
			dependencies = (
			);
			name = DupontAR;
			productName = DupontAR;
			productReference = 60AEEDFE23140E3B0071BB23 /* DupontAR.app */;
			productType = "com.apple.product-type.application";
		};
/* End PBXNativeTarget section */

/* Begin PBXProject section */
		60AEEDF623140E3B0071BB23 /* Project object */ = {
			isa = PBXProject;
			attributes = {
				LastSwiftUpdateCheck = 1030;
				LastUpgradeCheck = 1030;
				ORGANIZATIONNAME = MTR;
				TargetAttributes = {
					60AEEDFD23140E3B0071BB23 = {
						CreatedOnToolsVersion = 10.3;
					};
				};
			};
			buildConfigurationList = 60AEEDF923140E3B0071BB23 /* Build configuration list for PBXProject "DupontAR" */;
			compatibilityVersion = "Xcode 9.3";
			developmentRegion = en;
			hasScannedForEncodings = 0;
			knownRegions = (
				en,
				Base,
			);
			mainGroup = 60AEEDF523140E3B0071BB23;
			productRefGroup = 60AEEDFF23140E3B0071BB23 /* Products */;
			projectDirPath = "";
			projectRoot = "";
			targets = (
				60AEEDFD23140E3B0071BB23 /* DupontAR */,
			);
		};
/* End PBXProject section */

/* Begin PBXResourcesBuildPhase section */
		60AEEDFC23140E3B0071BB23 /* Resources */ = {
			isa = PBXResourcesBuildPhase;
			buildActionMask = 2147483647;
			files = (
				60AEEE0423140E3B0071BB23 /* art.scnassets in Resources */,
				60AEEE0E23140E3D0071BB23 /* LaunchScreen.storyboard in Resources */,
				60AEEE0B23140E3D0071BB23 /* Assets.xcassets in Resources */,
				60AEEE0923140E3B0071BB23 /* Main.storyboard in Resources */,
			);
			runOnlyForDeploymentPostprocessing = 0;
		};
/* End PBXResourcesBuildPhase section */

/* Begin PBXSourcesBuildPhase section */
		60AEEDFA23140E3B0071BB23 /* Sources */ = {
			isa = PBXSourcesBuildPhase;
			buildActionMask = 2147483647;
			files = (
				60AEEE0623140E3B0071BB23 /* ViewController.swift in Sources */,
				60AEEE0223140E3B0071BB23 /* AppDelegate.swift in Sources */,
			);
			runOnlyForDeploymentPostprocessing = 0;
		};
/* End PBXSourcesBuildPhase section */

/* Begin PBXVariantGroup section */
		60AEEE0723140E3B0071BB23 /* Main.storyboard */ = {
			isa = PBXVariantGroup;
			children = (
				60AEEE0823140E3B0071BB23 /* Base */,
			);
			name = Main.storyboard;
			sourceTree = "<group>";
		};
		60AEEE0C23140E3D0071BB23 /* LaunchScreen.storyboard */ = {
			isa = PBXVariantGroup;
			children = (
				60AEEE0D23140E3D0071BB23 /* Base */,
			);
			name = LaunchScreen.storyboard;
			sourceTree = "<group>";
		};
/* End PBXVariantGroup section */

/* Begin XCBuildConfiguration section */
		60AEEE1023140E3D0071BB23 /* Debug */ = {
			isa = XCBuildConfiguration;
			buildSettings = {
				ALWAYS_SEARCH_USER_PATHS = NO;
				CLANG_ANALYZER_NONNULL = YES;
				CLANG_ANALYZER_NUMBER_OBJECT_CONVERSION = YES_AGGRESSIVE;
				CLANG_CXX_LANGUAGE_STANDARD = "gnu++14";
				CLANG_CXX_LIBRARY = "libc++";
				CLANG_ENABLE_MODULES = YES;
				CLANG_ENABLE_OBJC_ARC = YES;
				CLANG_ENABLE_OBJC_WEAK = YES;
				CLANG_WARN_BLOCK_CAPTURE_AUTORELEASING = YES;
				CLANG_WARN_BOOL_CONVERSION = YES;
				CLANG_WARN_COMMA = YES;
				CLANG_WARN_CONSTANT_CONVERSION = YES;
				CLANG_WARN_DEPRECATED_OBJC_IMPLEMENTATIONS = YES;
				CLANG_WARN_DIRECT_OBJC_ISA_USAGE = YES_ERROR;
				CLANG_WARN_DOCUMENTATION_COMMENTS = YES;
				CLANG_WARN_EMPTY_BODY = YES;
				CLANG_WARN_ENUM_CONVERSION = YES;
				CLANG_WARN_INFINITE_RECURSION = YES;
				CLANG_WARN_INT_CONVERSION = YES;
				CLANG_WARN_NON_LITERAL_NULL_CONVERSION = YES;
				CLANG_WARN_OBJC_IMPLICIT_RETAIN_SELF = YES;
				CLANG_WARN_OBJC_LITERAL_CONVERSION = YES;
				CLANG_WARN_OBJC_ROOT_CLASS = YES_ERROR;
				CLANG_WARN_RANGE_LOOP_ANALYSIS = YES;
				CLANG_WARN_STRICT_PROTOTYPES = YES;
				CLANG_WARN_SUSPICIOUS_MOVE = YES;
				CLANG_WARN_UNGUARDED_AVAILABILITY = YES_AGGRESSIVE;
				CLANG_WARN_UNREACHABLE_CODE = YES;
				CLANG_WARN__DUPLICATE_METHOD_MATCH = YES;
				CODE_SIGN_IDENTITY = "iPhone Developer";
				COPY_PHASE_STRIP = NO;
				DEBUG_INFORMATION_FORMAT = dwarf;
				ENABLE_STRICT_OBJC_MSGSEND = YES;
				ENABLE_TESTABILITY = YES;
				GCC_C_LANGUAGE_STANDARD = gnu11;
				GCC_DYNAMIC_NO_PIC = NO;
				GCC_NO_COMMON_BLOCKS = YES;
				GCC_OPTIMIZATION_LEVEL = 0;
				GCC_PREPROCESSOR_DEFINITIONS = (
					"DEBUG=1",
					"$(inherited)",
				);
				GCC_WARN_64_TO_32_BIT_CONVERSION = YES;
				GCC_WARN_ABOUT_RETURN_TYPE = YES_ERROR;
				GCC_WARN_UNDECLARED_SELECTOR = YES;
				GCC_WARN_UNINITIALIZED_AUTOS = YES_AGGRESSIVE;
				GCC_WARN_UNUSED_FUNCTION = YES;
				GCC_WARN_UNUSED_VARIABLE = YES;
				IPHONEOS_DEPLOYMENT_TARGET = 12.4;
				MTL_ENABLE_DEBUG_INFO = INCLUDE_SOURCE;
				MTL_FAST_MATH = YES;
				ONLY_ACTIVE_ARCH = YES;
				SDKROOT = iphoneos;
				SWIFT_ACTIVE_COMPILATION_CONDITIONS = DEBUG;
				SWIFT_OPTIMIZATION_LEVEL = "-Onone";
			};
			name = Debug;
		};
		60AEEE1123140E3D0071BB23 /* Release */ = {
			isa = XCBuildConfiguration;
			buildSettings = {
				ALWAYS_SEARCH_USER_PATHS = NO;
				CLANG_ANALYZER_NONNULL = YES;
				CLANG_ANALYZER_NUMBER_OBJECT_CONVERSION = YES_AGGRESSIVE;
				CLANG_CXX_LANGUAGE_STANDARD = "gnu++14";
				CLANG_CXX_LIBRARY = "libc++";
				CLANG_ENABLE_MODULES = YES;
				CLANG_ENABLE_OBJC_ARC = YES;
				CLANG_ENABLE_OBJC_WEAK = YES;
				CLANG_WARN_BLOCK_CAPTURE_AUTORELEASING = YES;
				CLANG_WARN_BOOL_CONVERSION = YES;
				CLANG_WARN_COMMA = YES;
				CLANG_WARN_CONSTANT_CONVERSION = YES;
				CLANG_WARN_DEPRECATED_OBJC_IMPLEMENTATIONS = YES;
				CLANG_WARN_DIRECT_OBJC_ISA_USAGE = YES_ERROR;
				CLANG_WARN_DOCUMENTATION_COMMENTS = YES;
				CLANG_WARN_EMPTY_BODY = YES;
				CLANG_WARN_ENUM_CONVERSION = YES;
				CLANG_WARN_INFINITE_RECURSION = YES;
				CLANG_WARN_INT_CONVERSION = YES;
				CLANG_WARN_NON_LITERAL_NULL_CONVERSION = YES;
				CLANG_WARN_OBJC_IMPLICIT_RETAIN_SELF = YES;
				CLANG_WARN_OBJC_LITERAL_CONVERSION = YES;
				CLANG_WARN_OBJC_ROOT_CLASS = YES_ERROR;
				CLANG_WARN_RANGE_LOOP_ANALYSIS = YES;
				CLANG_WARN_STRICT_PROTOTYPES = YES;
				CLANG_WARN_SUSPICIOUS_MOVE = YES;
				CLANG_WARN_UNGUARDED_AVAILABILITY = YES_AGGRESSIVE;
				CLANG_WARN_UNREACHABLE_CODE = YES;
				CLANG_WARN__DUPLICATE_METHOD_MATCH = YES;
				CODE_SIGN_IDENTITY = "iPhone Developer";
				COPY_PHASE_STRIP = NO;
				DEBUG_INFORMATION_FORMAT = "dwarf-with-dsym";
				ENABLE_NS_ASSERTIONS = NO;
				ENABLE_STRICT_OBJC_MSGSEND = YES;
				GCC_C_LANGUAGE_STANDARD = gnu11;
				GCC_NO_COMMON_BLOCKS = YES;
				GCC_WARN_64_TO_32_BIT_CONVERSION = YES;
				GCC_WARN_ABOUT_RETURN_TYPE = YES_ERROR;
				GCC_WARN_UNDECLARED_SELECTOR = YES;
				GCC_WARN_UNINITIALIZED_AUTOS = YES_AGGRESSIVE;
				GCC_WARN_UNUSED_FUNCTION = YES;
				GCC_WARN_UNUSED_VARIABLE = YES;
				IPHONEOS_DEPLOYMENT_TARGET = 12.4;
				MTL_ENABLE_DEBUG_INFO = NO;
				MTL_FAST_MATH = YES;
				SDKROOT = iphoneos;
				SWIFT_COMPILATION_MODE = wholemodule;
				SWIFT_OPTIMIZATION_LEVEL = "-O";
				VALIDATE_PRODUCT = YES;
			};
			name = Release;
		};
		60AEEE1323140E3D0071BB23 /* Debug */ = {
			isa = XCBuildConfiguration;
			buildSettings = {
				ASSETCATALOG_COMPILER_APPICON_NAME = AppIcon;
				CODE_SIGN_STYLE = Automatic;
				DEVELOPMENT_TEAM = S954U7EFW2;
				INFOPLIST_FILE = DupontAR/Info.plist;
				LD_RUNPATH_SEARCH_PATHS = (
					"$(inherited)",
					"@executable_path/Frameworks",
				);
				PRODUCT_BUNDLE_IDENTIFIER = com.brambs.dupont.DupontAR;
				PRODUCT_NAME = "$(TARGET_NAME)";
				SWIFT_VERSION = 5.0;
				TARGETED_DEVICE_FAMILY = 2;
			};
			name = Debug;
		};
		60AEEE1423140E3D0071BB23 /* Release */ = {
			isa = XCBuildConfiguration;
			buildSettings = {
				ASSETCATALOG_COMPILER_APPICON_NAME = AppIcon;
				CODE_SIGN_STYLE = Automatic;
				DEVELOPMENT_TEAM = S954U7EFW2;
				INFOPLIST_FILE = DupontAR/Info.plist;
				LD_RUNPATH_SEARCH_PATHS = (
					"$(inherited)",
					"@executable_path/Frameworks",
				);
				PRODUCT_BUNDLE_IDENTIFIER = com.brambs.dupont.DupontAR;
				PRODUCT_NAME = "$(TARGET_NAME)";
				SWIFT_VERSION = 5.0;
				TARGETED_DEVICE_FAMILY = 2;
			};
			name = Release;
		};
/* End XCBuildConfiguration section */

/* Begin XCConfigurationList section */
		60AEEDF923140E3B0071BB23 /* Build configuration list for PBXProject "DupontAR" */ = {
			isa = XCConfigurationList;
			buildConfigurations = (
				60AEEE1023140E3D0071BB23 /* Debug */,
				60AEEE1123140E3D0071BB23 /* Release */,
			);
			defaultConfigurationIsVisible = 0;
			defaultConfigurationName = Release;
		};
		60AEEE1223140E3D0071BB23 /* Build configuration list for PBXNativeTarget "DupontAR" */ = {
			isa = XCConfigurationList;
			buildConfigurations = (
				60AEEE1323140E3D0071BB23 /* Debug */,
				60AEEE1423140E3D0071BB23 /* Release */,
			);
			defaultConfigurationIsVisible = 0;
			defaultConfigurationName = Release;
		};
/* End XCConfigurationList section */
	};
	rootObject = 60AEEDF623140E3B0071BB23 /* Project object */;
}
